
Microsoft Visual Studio Solution File, Format Version 12.00
# Visual Studio Version 17
VisualStudioVersion = 17.14.36310.24 d17.14
MinimumVisualStudioVersion = 10.0.40219.1
Project("{00D1A9C2-B5F0-4AF3-8072-F6C62B433612}") = "SqlDatabase", "SqlDatabase.sqlproj", "{0636C98D-8337-45C1-92D2-9E2ED09B79E3}"
EndProject
Global
	GlobalSection(SolutionConfigurationPlatforms) = preSolution
		Debug|Any CPU = Debug|Any CPU
		Release|Any CPU = Release|Any CPU
	EndGlobalSection
	GlobalSection(ProjectConfigurationPlatforms) = postSolution
		{0636C98D-8337-45C1-92D2-9E2ED09B79E3}.Debug|Any CPU.ActiveCfg = Debug|Any CPU
		{0636C98D-8337-45C1-92D2-9E2ED09B79E3}.Debug|Any CPU.Build.0 = Debug|Any CPU
		{0636C98D-8337-45C1-92D2-9E2ED09B79E3}.Debug|Any CPU.Deploy.0 = Debug|Any CPU
		{0636C98D-8337-45C1-92D2-9E2ED09B79E3}.Release|Any CPU.ActiveCfg = Release|Any CPU
		{0636C98D-8337-45C1-92D2-9E2ED09B79E3}.Release|Any CPU.Build.0 = Release|Any CPU
		{0636C98D-8337-45C1-92D2-9E2ED09B79E3}.Release|Any CPU.Deploy.0 = Release|Any CPU
	EndGlobalSection
	GlobalSection(SolutionProperties) = preSolution
		HideSolutionNode = FALSE
	EndGlobalSection
	GlobalSection(ExtensibilityGlobals) = postSolution
		SolutionGuid = {B54B3694-6AE0-47DE-BF9D-E343AD753D7B}
	EndGlobalSection
EndGlobal
